
Microsoft Visual Studio Solution File, Format Version 12.00
# Visual Studio Version 16
VisualStudioVersion = 25.0.1704.0
MinimumVisualStudioVersion = 10.0.40219.1
Project("{FAE04EC0-301F-11D3-BF4B-00C04F79EFBC}") = "comp367lab3", "comp367lab3\comp367lab3.csproj", "{48A1C8FA-A93E-47F0-B768-A96D3FC59CC7}"
EndProject
Global
	GlobalSection(SolutionConfigurationPlatforms) = preSolution
		Debug|Any CPU = Debug|Any CPU
		Release|Any CPU = Release|Any CPU
	EndGlobalSection
	GlobalSection(ProjectConfigurationPlatforms) = postSolution
		{48A1C8FA-A93E-47F0-B768-A96D3FC59CC7}.Debug|Any CPU.ActiveCfg = Debug|Any CPU
		{48A1C8FA-A93E-47F0-B768-A96D3FC59CC7}.Debug|Any CPU.Build.0 = Debug|Any CPU
		{48A1C8FA-A93E-47F0-B768-A96D3FC59CC7}.Release|Any CPU.ActiveCfg = Release|Any CPU
		{48A1C8FA-A93E-47F0-B768-A96D3FC59CC7}.Release|Any CPU.Build.0 = Release|Any CPU
	EndGlobalSection
	GlobalSection(SolutionProperties) = preSolution
		HideSolutionNode = FALSE
	EndGlobalSection
	GlobalSection(ExtensibilityGlobals) = postSolution
		SolutionGuid = {8C6FA48E-CDF2-498E-889F-A147F0E18796}
	EndGlobalSection
EndGlobal
